Microsoft Visual Studio Solution File, Format Version 12.00# Visual Studio 15VisualStudioVersion = 15.0.27130.2010MinimumVisualStudioVersion = 10.0.40219.1Project("{FAE04EC0-301F-11D3-BF4B-00C04F79EFBC}") = "UnityKitModule", "UnityKitModule\UnityKitModule.csproj", "{87E4BE8F-A296-4DA3-BDEF-CA409E4522F3}"EndProjectGlobal	GlobalSection(SolutionConfigurationPlatforms) = preSolution		Debug|Any CPU = Debug|Any CPU		Release|Any CPU = Release|Any CPU	EndGlobalSection	GlobalSection(ProjectConfigurationPlatforms) = postSolution		{87E4BE8F-A296-4DA3-BDEF-CA409E4522F3}.Debug|Any CPU.ActiveCfg = Debug|Any CPU		{87E4BE8F-A296-4DA3-BDEF-CA409E4522F3}.Debug|Any CPU.Build.0 = Debug|Any CPU		{87E4BE8F-A296-4DA3-BDEF-CA409E4522F3}.Debug|Any CPU.Deploy.0 = Debug|Any CPU		{87E4BE8F-A296-4DA3-BDEF-CA409E4522F3}.Release|Any CPU.ActiveCfg = Debug|Any CPU		{87E4BE8F-A296-4DA3-BDEF-CA409E4522F3}.Release|Any CPU.Build.0 = Debug|Any CPU	EndGlobalSection	GlobalSection(SolutionProperties) = preSolution		HideSolutionNode = FALSE	EndGlobalSection	GlobalSection(ExtensibilityGlobals) = postSolution		SolutionGuid = {B4DF469A-C356-4F48-841E-3FA7881751DF}	EndGlobalSectionEndGlobal